// !$*UTF8*$!
{
	archiveVersion = 1;
	classes = {
	};
	objectVersion = 46;
	objects = {

/* Begin PBXBuildFile section */
		A9D378C91A5B1F3900AC1947 /* AppDelegate.swift in Sources */ = {isa = PBXBuildFile; fileRef = A9D378C81A5B1F3900AC1947 /* AppDelegate.swift */; };
		A9D378CB1A5B1F3900AC1947 /* ViewController.swift in Sources */ = {isa = PBXBuildFile; fileRef = A9D378CA1A5B1F3900AC1947 /* ViewController.swift */; };
		A9D378CE1A5B1F3900AC1947 /* Main.storyboard in Resources */ = {isa = PBXBuildFile; fileRef = A9D378CC1A5B1F3900AC1947 /* Main.storyboard */; };
		A9D378D01A5B1F3900AC1947 /* Images.xcassets in Resources */ = {isa = PBXBuildFile; fileRef = A9D378CF1A5B1F3900AC1947 /* Images.xcassets */; };
		A9D378D31A5B1F3900AC1947 /* LaunchScreen.xib in Resources */ = {isa = PBXBuildFile; fileRef = A9D378D11A5B1F3900AC1947 /* LaunchScreen.xib */; };
		A9D378DF1A5B1F3900AC1947 /* PostcardTests.swift in Sources */ = {isa = PBXBuildFile; fileRef = A9D378DE1A5B1F3900AC1947 /* PostcardTests.swift */; };
/* End PBXBuildFile section */

/* Begin PBXContainerItemProxy section */
		A9D378D91A5B1F3900AC1947 /* PBXContainerItemProxy */ = {
			isa = PBXContainerItemProxy;
			containerPortal = A9D378BB1A5B1F3900AC1947 /* Project object */;
			proxyType = 1;
			remoteGlobalIDString = A9D378C21A5B1F3900AC1947;
			remoteInfo = Postcard;
		};
/* End PBXContainerItemProxy section */

/* Begin PBXFileReference section */
		A9D378C31A5B1F3900AC1947 /* Postcard.app */ = {isa = PBXFileReference; explicitFileType = wrapper.application; includeInIndex = 0; path = Postcard.app; sourceTree = BUILT_PRODUCTS_DIR; };
		A9D378C71A5B1F3900AC1947 /* Info.plist */ = {isa = PBXFileReference; lastKnownFileType = text.plist.xml; path = Info.plist; sourceTree = "<group>"; };
		A9D378C81A5B1F3900AC1947 /* AppDelegate.swift */ = {isa = PBXFileReference; lastKnownFileType = sourcecode.swift; path = AppDelegate.swift; sourceTree = "<group>"; };
		A9D378CA1A5B1F3900AC1947 /* ViewController.swift */ = {isa = PBXFileReference; lastKnownFileType = sourcecode.swift; path = ViewController.swift; sourceTree = "<group>"; };
		A9D378CD1A5B1F3900AC1947 /* Base */ = {isa = PBXFileReference; lastKnownFileType = file.storyboard; name = Base; path = Base.lproj/Main.storyboard; sourceTree = "<group>"; };
		A9D378CF1A5B1F3900AC1947 /* Images.xcassets */ = {isa = PBXFileReference; lastKnownFileType = folder.assetcatalog; path = Images.xcassets; sourceTree = "<group>"; };
		A9D378D21A5B1F3900AC1947 /* Base */ = {isa = PBXFileReference; lastKnownFileType = file.xib; name = Base; path = Base.lproj/LaunchScreen.xib; sourceTree = "<group>"; };
		A9D378D81A5B1F3900AC1947 /* PostcardTests.xctest */ = {isa = PBXFileReference; explicitFileType = wrapper.cfbundle; includeInIndex = 0; path = PostcardTests.xctest; sourceTree = BUILT_PRODUCTS_DIR; };
		A9D378DD1A5B1F3900AC1947 /* Info.plist */ = {isa = PBXFileReference; lastKnownFileType = text.plist.xml; path = Info.plist; sourceTree = "<group>"; };
		A9D378DE1A5B1F3900AC1947 /* PostcardTests.swift */ = {isa = PBXFileReference; lastKnownFileType = sourcecode.swift; path = PostcardTests.swift; sourceTree = "<group>"; };
/* End PBXFileReference section */

/* Begin PBXFrameworksBuildPhase section */
		A9D378C01A5B1F3900AC1947 /* Frameworks */ = {
			isa = PBXFrameworksBuildPhase;
			buildActionMask = 2147483647;
			files = (
			);
			runOnlyForDeploymentPostprocessing = 0;
		};
		A9D378D51A5B1F3900AC1947 /* Frameworks */ = {
			isa = PBXFrameworksBuildPhase;
			buildActionMask = 2147483647;
			files = (
			);
			runOnlyForDeploymentPostprocessing = 0;
		};
/* End PBXFrameworksBuildPhase section */

/* Begin PBXGroup section */
		A9D378BA1A5B1F3900AC1947 = {
			isa = PBXGroup;
			children = (
				A9D378C51A5B1F3900AC1947 /* Postcard */,
				A9D378DB1A5B1F3900AC1947 /* PostcardTests */,
				A9D378C41A5B1F3900AC1947 /* Products */,
			);
			sourceTree = "<group>";
		};
		A9D378C41A5B1F3900AC1947 /* Products */ = {
			isa = PBXGroup;
			children = (
				A9D378C31A5B1F3900AC1947 /* Postcard.app */,
				A9D378D81A5B1F3900AC1947 /* PostcardTests.xctest */,
			);
			name = Products;
			sourceTree = "<group>";
		};
		A9D378C51A5B1F3900AC1947 /* Postcard */ = {
			isa = PBXGroup;
			children = (
				A9D378C81A5B1F3900AC1947 /* AppDelegate.swift */,
				A9D378CA1A5B1F3900AC1947 /* ViewController.swift */,
				A9D378CC1A5B1F3900AC1947 /* Main.storyboard */,
				A9D378CF1A5B1F3900AC1947 /* Images.xcassets */,
				A9D378D11A5B1F3900AC1947 /* LaunchScreen.xib */,
				A9D378C61A5B1F3900AC1947 /* Supporting Files */,
			);
			path = Postcard;
			sourceTree = "<group>";
		};
		A9D378C61A5B1F3900AC1947 /* Supporting Files */ = {
			isa = PBXGroup;
			children = (
				A9D378C71A5B1F3900AC1947 /* Info.plist */,
			);
			name = "Supporting Files";
			sourceTree = "<group>";
		};
		A9D378DB1A5B1F3900AC1947 /* PostcardTests */ = {
			isa = PBXGroup;
			children = (
				A9D378DE1A5B1F3900AC1947 /* PostcardTests.swift */,
				A9D378DC1A5B1F3900AC1947 /* Supporting Files */,
			);
			path = PostcardTests;
			sourceTree = "<group>";
		};
		A9D378DC1A5B1F3900AC1947 /* Supporting Files */ = {
			isa = PBXGroup;
			children = (
				A9D378DD1A5B1F3900AC1947 /* Info.plist */,
			);
			name = "Supporting Files";
			sourceTree = "<group>";
		};
/* End PBXGroup section */

/* Begin PBXNativeTarget section */
		A9D378C21A5B1F3900AC1947 /* Postcard */ = {
			isa = PBXNativeTarget;
			buildConfigurationList = A9D378E21A5B1F3900AC1947 /* Build configuration list for PBXNativeTarget "Postcard" */;
			buildPhases = (
				A9D378BF1A5B1F3900AC1947 /* Sources */,
				A9D378C01A5B1F3900AC1947 /* Frameworks */,
				A9D378C11A5B1F3900AC1947 /* Resources */,
			);
			buildRules = (
			);
			dependencies = (
			);
			name = Postcard;
			productName = Postcard;
			productReference = A9D378C31A5B1F3900AC1947 /* Postcard.app */;
			productType = "com.apple.product-type.application";
		};
		A9D378D71A5B1F3900AC1947 /* PostcardTests */ = {
			isa = PBXNativeTarget;
			buildConfigurationList = A9D378E51A5B1F3900AC1947 /* Build configuration list for PBXNativeTarget "PostcardTests" */;
			buildPhases = (
				A9D378D41A5B1F3900AC1947 /* Sources */,
				A9D378D51A5B1F3900AC1947 /* Frameworks */,
				A9D378D61A5B1F3900AC1947 /* Resources */,
			);
			buildRules = (
			);
			dependencies = (
				A9D378DA1A5B1F3900AC1947 /* PBXTargetDependency */,
			);
			name = PostcardTests;
			productName = PostcardTests;
			productReference = A9D378D81A5B1F3900AC1947 /* PostcardTests.xctest */;
			productType = "com.apple.product-type.bundle.unit-test";
		};
/* End PBXNativeTarget section */

/* Begin PBXProject section */
		A9D378BB1A5B1F3900AC1947 /* Project object */ = {
			isa = PBXProject;
			attributes = {
				LastUpgradeCheck = 0610;
				ORGANIZATIONNAME = Cuso683;
				TargetAttributes = {
					A9D378C21A5B1F3900AC1947 = {
						CreatedOnToolsVersion = 6.1.1;
					};
					A9D378D71A5B1F3900AC1947 = {
						CreatedOnToolsVersion = 6.1.1;
						TestTargetID = A9D378C21A5B1F3900AC1947;
					};
				};
			};
			buildConfigurationList = A9D378BE1A5B1F3900AC1947 /* Build configuration list for PBXProject "Postcard" */;
			compatibilityVersion = "Xcode 3.2";
			developmentRegion = English;
			hasScannedForEncodings = 0;
			knownRegions = (
				en,
				Base,
			);
			mainGroup = A9D378BA1A5B1F3900AC1947;
			productRefGroup = A9D378C41A5B1F3900AC1947 /* Products */;
			projectDirPath = "";
			projectRoot = "";
			targets = (
				A9D378C21A5B1F3900AC1947 /* Postcard */,
				A9D378D71A5B1F3900AC1947 /* PostcardTests */,
			);
		};
/* End PBXProject section */

/* Begin PBXResourcesBuildPhase section */
		A9D378C11A5B1F3900AC1947 /* Resources */ = {
			isa = PBXResourcesBuildPhase;
			buildActionMask = 2147483647;
			files = (
				A9D378CE1A5B1F3900AC1947 /* Main.storyboard in Resources */,
				A9D378D31A5B1F3900AC1947 /* LaunchScreen.xib in Resources */,
				A9D378D01A5B1F3900AC1947 /* Images.xcassets in Resources */,
			);
			runOnlyForDeploymentPostprocessing = 0;
		};
		A9D378D61A5B1F3900AC1947 /* Resources */ = {
			isa = PBXResourcesBuildPhase;
			buildActionMask = 2147483647;
			files = (
			);
			runOnlyForDeploymentPostprocessing = 0;
		};
/* End PBXResourcesBuildPhase section */

/* Begin PBXSourcesBuildPhase section */
		A9D378BF1A5B1F3900AC1947 /* Sources */ = {
			isa = PBXSourcesBuildPhase;
			buildActionMask = 2147483647;
			files = (
				A9D378CB1A5B1F3900AC1947 /* ViewController.swift in Sources */,
				A9D378C91A5B1F3900AC1947 /* AppDelegate.swift in Sources */,
			);
			runOnlyForDeploymentPostprocessing = 0;
		};
		A9D378D41A5B1F3900AC1947 /* Sources */ = {
			isa = PBXSourcesBuildPhase;
			buildActionMask = 2147483647;
			files = (
				A9D378DF1A5B1F3900AC1947 /* PostcardTests.swift in Sources */,
			);
			runOnlyForDeploymentPostprocessing = 0;
		};
/* End PBXSourcesBuildPhase section */

/* Begin PBXTargetDependency section */
		A9D378DA1A5B1F3900AC1947 /* PBXTargetDependency */ = {
			isa = PBXTargetDependency;
			target = A9D378C21A5B1F3900AC1947 /* Postcard */;
			targetProxy = A9D378D91A5B1F3900AC1947 /* PBXContainerItemProxy */;
		};
/* End PBXTargetDependency section */

/* Begin PBXVariantGroup section */
		A9D378CC1A5B1F3900AC1947 /* Main.storyboard */ = {
			isa = PBXVariantGroup;
			children = (
				A9D378CD1A5B1F3900AC1947 /* Base */,
			);
			name = Main.storyboard;
			sourceTree = "<group>";
		};
		A9D378D11A5B1F3900AC1947 /* LaunchScreen.xib */ = {
			isa = PBXVariantGroup;
			children = (
				A9D378D21A5B1F3900AC1947 /* Base */,
			);
			name = LaunchScreen.xib;
			sourceTree = "<group>";
		};
/* End PBXVariantGroup section */

/* Begin XCBuildConfiguration section */
		A9D378E01A5B1F3900AC1947 /* Debug */ = {
			isa = XCBuildConfiguration;
			buildSettings = {
				ALWAYS_SEARCH_USER_PATHS = NO;
				CLANG_CXX_LANGUAGE_STANDARD = "gnu++0x";
				CLANG_CXX_LIBRARY = "libc++";
				CLANG_ENABLE_MODULES = YES;
				CLANG_ENABLE_OBJC_ARC = YES;
				CLANG_WARN_BOOL_CONVERSION = YES;
				CLANG_WARN_CONSTANT_CONVERSION = YES;
				CLANG_WARN_DIRECT_OBJC_ISA_USAGE = YES_ERROR;
				CLANG_WARN_EMPTY_BODY = YES;
				CLANG_WARN_ENUM_CONVERSION = YES;
				CLANG_WARN_INT_CONVERSION = YES;
				CLANG_WARN_OBJC_ROOT_CLASS = YES_ERROR;
				CLANG_WARN_UNREACHABLE_CODE = YES;
				CLANG_WARN__DUPLICATE_METHOD_MATCH = YES;
				"CODE_SIGN_IDENTITY[sdk=iphoneos*]" = "iPhone Developer";
				COPY_PHASE_STRIP = NO;
				ENABLE_STRICT_OBJC_MSGSEND = YES;
				GCC_C_LANGUAGE_STANDARD = gnu99;
				GCC_DYNAMIC_NO_PIC = NO;
				GCC_OPTIMIZATION_LEVEL = 0;
				GCC_PREPROCESSOR_DEFINITIONS = (
					"DEBUG=1",
					"$(inherited)",
				);
				GCC_SYMBOLS_PRIVATE_EXTERN = NO;
				GCC_WARN_64_TO_32_BIT_CONVERSION = YES;
				GCC_WARN_ABOUT_RETURN_TYPE = YES_ERROR;
				GCC_WARN_UNDECLARED_SELECTOR = YES;
				GCC_WARN_UNINITIALIZED_AUTOS = YES_AGGRESSIVE;
				GCC_WARN_UNUSED_FUNCTION = YES;
				GCC_WARN_UNUSED_VARIABLE = YES;
				IPHONEOS_DEPLOYMENT_TARGET = 8.1;
				MTL_ENABLE_DEBUG_INFO = YES;
				ONLY_ACTIVE_ARCH = YES;
				SDKROOT = iphoneos;
				SWIFT_OPTIMIZATION_LEVEL = "-Onone";
				TARGETED_DEVICE_FAMILY = "1,2";
			};
			name = Debug;
		};
		A9D378E11A5B1F3900AC1947 /* Release */ = {
			isa = XCBuildConfiguration;
			buildSettings = {
				ALWAYS_SEARCH_USER_PATHS = NO;
				CLANG_CXX_LANGUAGE_STANDARD = "gnu++0x";
				CLANG_CXX_LIBRARY = "libc++";
				CLANG_ENABLE_MODULES = YES;
				CLANG_ENABLE_OBJC_ARC = YES;
				CLANG_WARN_BOOL_CONVERSION = YES;
				CLANG_WARN_CONSTANT_CONVERSION = YES;
				CLANG_WARN_DIRECT_OBJC_ISA_USAGE = YES_ERROR;
				CLANG_WARN_EMPTY_BODY = YES;
				CLANG_WARN_ENUM_CONVERSION = YES;
				CLANG_WARN_INT_CONVERSION = YES;
				CLANG_WARN_OBJC_ROOT_CLASS = YES_ERROR;
				CLANG_WARN_UNREACHABLE_CODE = YES;
				CLANG_WARN__DUPLICATE_METHOD_MATCH = YES;
				"CODE_SIGN_IDENTITY[sdk=iphoneos*]" = "iPhone Developer";
				COPY_PHASE_STRIP = YES;
				ENABLE_NS_ASSERTIONS = NO;
				ENABLE_STRICT_OBJC_MSGSEND = YES;
				GCC_C_LANGUAGE_STANDARD = gnu99;
				GCC_WARN_64_TO_32_BIT_CONVERSION = YES;
				GCC_WARN_ABOUT_RETURN_TYPE = YES_ERROR;
				GCC_WARN_UNDECLARED_SELECTOR = YES;
				GCC_WARN_UNINITIALIZED_AUTOS = YES_AGGRESSIVE;
				GCC_WARN_UNUSED_FUNCTION = YES;
				GCC_WARN_UNUSED_VARIABLE = YES;
				IPHONEOS_DEPLOYMENT_TARGET = 8.1;
				MTL_ENABLE_DEBUG_INFO = NO;
				SDKROOT = iphoneos;
				TARGETED_DEVICE_FAMILY = "1,2";
				VALIDATE_PRODUCT = YES;
			};
			name = Release;
		};
		A9D378E31A5B1F3900AC1947 /* Debug */ = {
			isa = XCBuildConfiguration;
			buildSettings = {
				ASSETCATALOG_COMPILER_APPICON_NAME = AppIcon;
				INFOPLIST_FILE = Postcard/Info.plist;
				LD_RUNPATH_SEARCH_PATHS = "$(inherited) @executable_path/Frameworks";
				PRODUCT_NAME = "$(TARGET_NAME)";
			};
			name = Debug;
		};
		A9D378E41A5B1F3900AC1947 /* Release */ = {
			isa = XCBuildConfiguration;
			buildSettings = {
				ASSETCATALOG_COMPILER_APPICON_NAME = AppIcon;
				INFOPLIST_FILE = Postcard/Info.plist;
				LD_RUNPATH_SEARCH_PATHS = "$(inherited) @executable_path/Frameworks";
				PRODUCT_NAME = "$(TARGET_NAME)";
			};
			name = Release;
		};
		A9D378E61A5B1F3900AC1947 /* Debug */ = {
			isa = XCBuildConfiguration;
			buildSettings = {
				BUNDLE_LOADER = "$(TEST_HOST)";
				FRAMEWORK_SEARCH_PATHS = (
					"$(SDKROOT)/Developer/Library/Frameworks",
					"$(inherited)",
				);
				GCC_PREPROCESSOR_DEFINITIONS = (
					"DEBUG=1",
					"$(inherited)",
				);
				INFOPLIST_FILE = PostcardTests/Info.plist;
				LD_RUNPATH_SEARCH_PATHS = "$(inherited) @executable_path/Frameworks @loader_path/Frameworks";
				PRODUCT_NAME = "$(TARGET_NAME)";
				TEST_HOST = "$(BUILT_PRODUCTS_DIR)/Postcard.app/Postcard";
			};
			name = Debug;
		};
		A9D378E71A5B1F3900AC1947 /* Release */ = {
			isa = XCBuildConfiguration;
			buildSettings = {
				BUNDLE_LOADER = "$(TEST_HOST)";
				FRAMEWORK_SEARCH_PATHS = (
					"$(SDKROOT)/Developer/Library/Frameworks",
					"$(inherited)",
				);
				INFOPLIST_FILE = PostcardTests/Info.plist;
				LD_RUNPATH_SEARCH_PATHS = "$(inherited) @executable_path/Frameworks @loader_path/Frameworks";
				PRODUCT_NAME = "$(TARGET_NAME)";
				TEST_HOST = "$(BUILT_PRODUCTS_DIR)/Postcard.app/Postcard";
			};
			name = Release;
		};
/* End XCBuildConfiguration section */

/* Begin XCConfigurationList section */
		A9D378BE1A5B1F3900AC1947 /* Build configuration list for PBXProject "Postcard" */ = {
			isa = XCConfigurationList;
			buildConfigurations = (
				A9D378E01A5B1F3900AC1947 /* Debug */,
				A9D378E11A5B1F3900AC1947 /* Release */,
			);
			defaultConfigurationIsVisible = 0;
			defaultConfigurationName = Release;
		};
		A9D378E21A5B1F3900AC1947 /* Build configuration list for PBXNativeTarget "Postcard" */ = {
			isa = XCConfigurationList;
			buildConfigurations = (
				A9D378E31A5B1F3900AC1947 /* Debug */,
				A9D378E41A5B1F3900AC1947 /* Release */,
			);
			defaultConfigurationIsVisible = 0;
		};
		A9D378E51A5B1F3900AC1947 /* Build configuration list for PBXNativeTarget "PostcardTests" */ = {
			isa = XCConfigurationList;
			buildConfigurations = (
				A9D378E61A5B1F3900AC1947 /* Debug */,
				A9D378E71A5B1F3900AC1947 /* Release */,
			);
			defaultConfigurationIsVisible = 0;
		};
/* End XCConfigurationList section */
	};
	rootObject = A9D378BB1A5B1F3900AC1947 /* Project object */;
}
